
Microsoft Visual Studio Solution File, Format Version 11.00
# Visual Studio 2010
Project("{FAE04EC0-301F-11D3-BF4B-00C04F79EFBC}") = "Utilities", "Utilities.csproj", "{D6CA1418-5885-4311-AFD8-94916E437EFE}"
EndProject
Global
	GlobalSection(SolutionConfigurationPlatforms) = preSolution
		Debug|Any CPU = Debug|Any CPU
		Release|Any CPU = Release|Any CPU
	EndGlobalSection
	GlobalSection(ProjectConfigurationPlatforms) = postSolution
		{D6CA1418-5885-4311-AFD8-94916E437EFE}.Debug|Any CPU.ActiveCfg = Debug|Any CPU
		{D6CA1418-5885-4311-AFD8-94916E437EFE}.Debug|Any CPU.Build.0 = Debug|Any CPU
		{D6CA1418-5885-4311-AFD8-94916E437EFE}.Release|Any CPU.ActiveCfg = Release|Any CPU
		{D6CA1418-5885-4311-AFD8-94916E437EFE}.Release|Any CPU.Build.0 = Release|Any CPU
	EndGlobalSection
	GlobalSection(MonoDevelopProperties) = preSolution
		StartupItem = Utilities.csproj
	EndGlobalSection
EndGlobal
